
Microsoft Visual Studio Solution File, Format Version 12.00
Project("{FAE04EC0-301F-11D3-BF4B-00C04F79EFBC}") = "DigiVaultAPI", "DigiVaultAPI\DigiVaultAPI.csproj", "{D9182772-C6AA-45F9-8BD7-60E53012BDF5}"
EndProject
Global
	GlobalSection(SolutionConfigurationPlatforms) = preSolution
		Debug|Any CPU = Debug|Any CPU
		Release|Any CPU = Release|Any CPU
	EndGlobalSection
	GlobalSection(ProjectConfigurationPlatforms) = postSolution
		{D9182772-C6AA-45F9-8BD7-60E53012BDF5}.Debug|Any CPU.ActiveCfg = Debug|Any CPU
		{D9182772-C6AA-45F9-8BD7-60E53012BDF5}.Debug|Any CPU.Build.0 = Debug|Any CPU
		{D9182772-C6AA-45F9-8BD7-60E53012BDF5}.Release|Any CPU.ActiveCfg = Release|Any CPU
		{D9182772-C6AA-45F9-8BD7-60E53012BDF5}.Release|Any CPU.Build.0 = Release|Any CPU
	EndGlobalSection
EndGlobal
